
Microsoft Visual Studio Solution File, Format Version 12.00
# Visual Studio Version 17
VisualStudioVersion = 17.3.32819.101
MinimumVisualStudioVersion = 10.0.40219.1
Project("{FAE04EC0-301F-11D3-BF4B-00C04F79EFBC}") = "WPF_Mutex_NamedPipe", "WPF_Mutex_NamedPipe\WPF_Mutex_NamedPipe.csproj", "{E77D6BAA-28B1-4DF9-BE7A-CEEFBBB87CAB}"
EndProject
Global
	GlobalSection(SolutionConfigurationPlatforms) = preSolution
		Debug|Any CPU = Debug|Any CPU
		Release|Any CPU = Release|Any CPU
	EndGlobalSection
	GlobalSection(ProjectConfigurationPlatforms) = postSolution
		{E77D6BAA-28B1-4DF9-BE7A-CEEFBBB87CAB}.Debug|Any CPU.ActiveCfg = Debug|Any CPU
		{E77D6BAA-28B1-4DF9-BE7A-CEEFBBB87CAB}.Debug|Any CPU.Build.0 = Debug|Any CPU
		{E77D6BAA-28B1-4DF9-BE7A-CEEFBBB87CAB}.Release|Any CPU.ActiveCfg = Release|Any CPU
		{E77D6BAA-28B1-4DF9-BE7A-CEEFBBB87CAB}.Release|Any CPU.Build.0 = Release|Any CPU
	EndGlobalSection
	GlobalSection(SolutionProperties) = preSolution
		HideSolutionNode = FALSE
	EndGlobalSection
	GlobalSection(ExtensibilityGlobals) = postSolution
		SolutionGuid = {BB565C17-5C2C-421C-B9C4-09DE2BD2B2A7}
	EndGlobalSection
EndGlobal
